
Microsoft Visual Studio Solution File, Format Version 12.00
# Visual Studio Version 17
VisualStudioVersion = 17.13.35825.156 d17.13
MinimumVisualStudioVersion = 10.0.40219.1
Project("{FAE04EC0-301F-11D3-BF4B-00C04F79EFBC}") = "Exceptions", "Exceptions\Exceptions.csproj", "{97A6162C-75E0-45B1-A79C-AC2F5E5332F9}"
EndProject
Global
	GlobalSection(SolutionConfigurationPlatforms) = preSolution
		Debug|Any CPU = Debug|Any CPU
		Release|Any CPU = Release|Any CPU
	EndGlobalSection
	GlobalSection(ProjectConfigurationPlatforms) = postSolution
		{97A6162C-75E0-45B1-A79C-AC2F5E5332F9}.Debug|Any CPU.ActiveCfg = Debug|Any CPU
		{97A6162C-75E0-45B1-A79C-AC2F5E5332F9}.Debug|Any CPU.Build.0 = Debug|Any CPU
		{97A6162C-75E0-45B1-A79C-AC2F5E5332F9}.Release|Any CPU.ActiveCfg = Release|Any CPU
		{97A6162C-75E0-45B1-A79C-AC2F5E5332F9}.Release|Any CPU.Build.0 = Release|Any CPU
	EndGlobalSection
	GlobalSection(SolutionProperties) = preSolution
		HideSolutionNode = FALSE
	EndGlobalSection
	GlobalSection(ExtensibilityGlobals) = postSolution
		SolutionGuid = {C631DE6B-E5B6-43D3-AC0D-EC4C2F19B963}
	EndGlobalSection
EndGlobal
