
Microsoft Visual Studio Solution File, Format Version 12.00
# Visual Studio Version 17
VisualStudioVersion = 17.13.35825.156 d17.13
MinimumVisualStudioVersion = 10.0.40219.1
Project("{FAE04EC0-301F-11D3-BF4B-00C04F79EFBC}") = "XadrezNoConsole", "XadrezNoConsole\XadrezNoConsole.csproj", "{D8AC056E-350C-49E5-AA23-14E90D89D90A}"
EndProject
Global
	GlobalSection(SolutionConfigurationPlatforms) = preSolution
		Debug|Any CPU = Debug|Any CPU
		Release|Any CPU = Release|Any CPU
	EndGlobalSection
	GlobalSection(ProjectConfigurationPlatforms) = postSolution
		{D8AC056E-350C-49E5-AA23-14E90D89D90A}.Debug|Any CPU.ActiveCfg = Debug|Any CPU
		{D8AC056E-350C-49E5-AA23-14E90D89D90A}.Debug|Any CPU.Build.0 = Debug|Any CPU
		{D8AC056E-350C-49E5-AA23-14E90D89D90A}.Release|Any CPU.ActiveCfg = Release|Any CPU
		{D8AC056E-350C-49E5-AA23-14E90D89D90A}.Release|Any CPU.Build.0 = Release|Any CPU
	EndGlobalSection
	GlobalSection(SolutionProperties) = preSolution
		HideSolutionNode = FALSE
	EndGlobalSection
	GlobalSection(ExtensibilityGlobals) = postSolution
		SolutionGuid = {CE4C878A-B17F-4243-9448-E0CA0B07B50F}
	EndGlobalSection
EndGlobal
